
Microsoft Visual Studio Solution File, Format Version 12.00
# Visual Studio Version 16
VisualStudioVersion = 16.0.28803.352
MinimumVisualStudioVersion = 10.0.40219.1
Project("{9A19103F-16F7-4668-BE54-9A1E7A4F7556}") = "MvcFramework.HTTP", "MvcFramework.HTTP\MvcFramework.HTTP.csproj", "{1B67A3B9-0A86-494C-849C-CFD40F4196C6}"
EndProject
Project("{9A19103F-16F7-4668-BE54-9A1E7A4F7556}") = "MvcFramework.WebServer", "MvcFramework.WebServer\MvcFramework.WebServer.csproj", "{4F35FFF1-71B0-4576-A66C-3239135F7310}"
EndProject
Project("{FAE04EC0-301F-11D3-BF4B-00C04F79EFBC}") = "MvcFramework.Demo", "MvcFramework.Demo\MvcFramework.Demo.csproj", "{F23EA998-DD7F-4B8E-9884-623B99D52802}"
EndProject
Global
	GlobalSection(SolutionConfigurationPlatforms) = preSolution
		Debug|Any CPU = Debug|Any CPU
		Release|Any CPU = Release|Any CPU
	EndGlobalSection
	GlobalSection(ProjectConfigurationPlatforms) = postSolution
		{1B67A3B9-0A86-494C-849C-CFD40F4196C6}.Debug|Any CPU.ActiveCfg = Debug|Any CPU
		{1B67A3B9-0A86-494C-849C-CFD40F4196C6}.Debug|Any CPU.Build.0 = Debug|Any CPU
		{1B67A3B9-0A86-494C-849C-CFD40F4196C6}.Release|Any CPU.ActiveCfg = Release|Any CPU
		{1B67A3B9-0A86-494C-849C-CFD40F4196C6}.Release|Any CPU.Build.0 = Release|Any CPU
		{4F35FFF1-71B0-4576-A66C-3239135F7310}.Debug|Any CPU.ActiveCfg = Debug|Any CPU
		{4F35FFF1-71B0-4576-A66C-3239135F7310}.Debug|Any CPU.Build.0 = Debug|Any CPU
		{4F35FFF1-71B0-4576-A66C-3239135F7310}.Release|Any CPU.ActiveCfg = Release|Any CPU
		{4F35FFF1-71B0-4576-A66C-3239135F7310}.Release|Any CPU.Build.0 = Release|Any CPU
		{F23EA998-DD7F-4B8E-9884-623B99D52802}.Debug|Any CPU.ActiveCfg = Debug|Any CPU
		{F23EA998-DD7F-4B8E-9884-623B99D52802}.Debug|Any CPU.Build.0 = Debug|Any CPU
		{F23EA998-DD7F-4B8E-9884-623B99D52802}.Release|Any CPU.ActiveCfg = Release|Any CPU
		{F23EA998-DD7F-4B8E-9884-623B99D52802}.Release|Any CPU.Build.0 = Release|Any CPU
	EndGlobalSection
	GlobalSection(SolutionProperties) = preSolution
		HideSolutionNode = FALSE
	EndGlobalSection
	GlobalSection(ExtensibilityGlobals) = postSolution
		SolutionGuid = {093FC671-6D55-4CA5-AB0F-48AAEB54D746}
	EndGlobalSection
EndGlobal
