
Microsoft Visual Studio Solution File, Format Version 12.00
# Visual Studio Version 16
VisualStudioVersion = 16.0.28803.352
MinimumVisualStudioVersion = 10.0.40219.1
Project("{9A19103F-16F7-4668-BE54-9A1E7A4F7556}") = "MvcFramework.HTTP", "MvcFramework.HTTP\MvcFramework.HTTP.csproj", "{1B67A3B9-0A86-494C-849C-CFD40F4196C6}"
EndProject
Project("{2150E333-8FDC-42A3-9474-1A3956D46DE8}") = "Apps", "Apps", "{777C9434-4EA1-4377-9514-0FB960FDDBD1}"
EndProject
Project("{2150E333-8FDC-42A3-9474-1A3956D46DE8}") = "IRunes", "IRunes", "{4F8717BC-850D-4D60-8EE9-FECFCAF6B7CA}"
EndProject
Project("{9A19103F-16F7-4668-BE54-9A1E7A4F7556}") = "IRunes.App", "Apps\IRunes\IRunes.App\IRunes.App.csproj", "{886D2012-03B5-4B7B-95CA-B13222013313}"
EndProject
Project("{9A19103F-16F7-4668-BE54-9A1E7A4F7556}") = "IRunes.Data", "Apps\IRunes\IRunes.Data\IRunes.Data.csproj", "{02B8626D-3A81-43E0-A72C-BD1184D83C99}"
EndProject
Project("{9A19103F-16F7-4668-BE54-9A1E7A4F7556}") = "IRunes.Models", "Apps\IRunes\IRunes.Models\IRunes.Models.csproj", "{9B2023BC-9242-4B07-BB51-B5D963AE531A}"
EndProject
Project("{9A19103F-16F7-4668-BE54-9A1E7A4F7556}") = "MvcFramework", "MvcFramework\MvcFramework.csproj", "{D7F9BFE8-3C1A-49E9-AF13-D70DEBE89576}"
EndProject
Project("{FAE04EC0-301F-11D3-BF4B-00C04F79EFBC}") = "IRunes.Services", "Apps\IRunes\IRunes.Services\IRunes.Services.csproj", "{CE86BCCB-E2FB-43D9-A690-37310EB488AF}"
EndProject
Global
	GlobalSection(SolutionConfigurationPlatforms) = preSolution
		Debug|Any CPU = Debug|Any CPU
		Release|Any CPU = Release|Any CPU
	EndGlobalSection
	GlobalSection(ProjectConfigurationPlatforms) = postSolution
		{1B67A3B9-0A86-494C-849C-CFD40F4196C6}.Debug|Any CPU.ActiveCfg = Debug|Any CPU
		{1B67A3B9-0A86-494C-849C-CFD40F4196C6}.Debug|Any CPU.Build.0 = Debug|Any CPU
		{1B67A3B9-0A86-494C-849C-CFD40F4196C6}.Release|Any CPU.ActiveCfg = Release|Any CPU
		{1B67A3B9-0A86-494C-849C-CFD40F4196C6}.Release|Any CPU.Build.0 = Release|Any CPU
		{886D2012-03B5-4B7B-95CA-B13222013313}.Debug|Any CPU.ActiveCfg = Debug|Any CPU
		{886D2012-03B5-4B7B-95CA-B13222013313}.Debug|Any CPU.Build.0 = Debug|Any CPU
		{886D2012-03B5-4B7B-95CA-B13222013313}.Release|Any CPU.ActiveCfg = Release|Any CPU
		{886D2012-03B5-4B7B-95CA-B13222013313}.Release|Any CPU.Build.0 = Release|Any CPU
		{02B8626D-3A81-43E0-A72C-BD1184D83C99}.Debug|Any CPU.ActiveCfg = Debug|Any CPU
		{02B8626D-3A81-43E0-A72C-BD1184D83C99}.Debug|Any CPU.Build.0 = Debug|Any CPU
		{02B8626D-3A81-43E0-A72C-BD1184D83C99}.Release|Any CPU.ActiveCfg = Release|Any CPU
		{02B8626D-3A81-43E0-A72C-BD1184D83C99}.Release|Any CPU.Build.0 = Release|Any CPU
		{9B2023BC-9242-4B07-BB51-B5D963AE531A}.Debug|Any CPU.ActiveCfg = Debug|Any CPU
		{9B2023BC-9242-4B07-BB51-B5D963AE531A}.Debug|Any CPU.Build.0 = Debug|Any CPU
		{9B2023BC-9242-4B07-BB51-B5D963AE531A}.Release|Any CPU.ActiveCfg = Release|Any CPU
		{9B2023BC-9242-4B07-BB51-B5D963AE531A}.Release|Any CPU.Build.0 = Release|Any CPU
		{D7F9BFE8-3C1A-49E9-AF13-D70DEBE89576}.Debug|Any CPU.ActiveCfg = Debug|Any CPU
		{D7F9BFE8-3C1A-49E9-AF13-D70DEBE89576}.Debug|Any CPU.Build.0 = Debug|Any CPU
		{D7F9BFE8-3C1A-49E9-AF13-D70DEBE89576}.Release|Any CPU.ActiveCfg = Release|Any CPU
		{D7F9BFE8-3C1A-49E9-AF13-D70DEBE89576}.Release|Any CPU.Build.0 = Release|Any CPU
		{CE86BCCB-E2FB-43D9-A690-37310EB488AF}.Debug|Any CPU.ActiveCfg = Debug|Any CPU
		{CE86BCCB-E2FB-43D9-A690-37310EB488AF}.Debug|Any CPU.Build.0 = Debug|Any CPU
		{CE86BCCB-E2FB-43D9-A690-37310EB488AF}.Release|Any CPU.ActiveCfg = Release|Any CPU
		{CE86BCCB-E2FB-43D9-A690-37310EB488AF}.Release|Any CPU.Build.0 = Release|Any CPU
	EndGlobalSection
	GlobalSection(SolutionProperties) = preSolution
		HideSolutionNode = FALSE
	EndGlobalSection
	GlobalSection(NestedProjects) = preSolution
		{4F8717BC-850D-4D60-8EE9-FECFCAF6B7CA} = {777C9434-4EA1-4377-9514-0FB960FDDBD1}
		{886D2012-03B5-4B7B-95CA-B13222013313} = {4F8717BC-850D-4D60-8EE9-FECFCAF6B7CA}
		{02B8626D-3A81-43E0-A72C-BD1184D83C99} = {4F8717BC-850D-4D60-8EE9-FECFCAF6B7CA}
		{9B2023BC-9242-4B07-BB51-B5D963AE531A} = {4F8717BC-850D-4D60-8EE9-FECFCAF6B7CA}
		{CE86BCCB-E2FB-43D9-A690-37310EB488AF} = {4F8717BC-850D-4D60-8EE9-FECFCAF6B7CA}
	EndGlobalSection
	GlobalSection(ExtensibilityGlobals) = postSolution
		SolutionGuid = {093FC671-6D55-4CA5-AB0F-48AAEB54D746}
	EndGlobalSection
EndGlobal
