
Microsoft Visual Studio Solution File, Format Version 12.00
# Visual Studio Version 16
VisualStudioVersion = 16.0.28803.352
MinimumVisualStudioVersion = 10.0.40219.1
Project("{9A19103F-16F7-4668-BE54-9A1E7A4F7556}") = "MvcFramework.HTTP", "MvcFramework.HTTP\MvcFramework.HTTP.csproj", "{1B67A3B9-0A86-494C-849C-CFD40F4196C6}"
EndProject
Project("{2150E333-8FDC-42A3-9474-1A3956D46DE8}") = "Apps", "Apps", "{777C9434-4EA1-4377-9514-0FB960FDDBD1}"
EndProject
Project("{2150E333-8FDC-42A3-9474-1A3956D46DE8}") = "IRunes", "IRunes", "{4F8717BC-850D-4D60-8EE9-FECFCAF6B7CA}"
EndProject
Project("{9A19103F-16F7-4668-BE54-9A1E7A4F7556}") = "IRunes.App", "Apps\IRunes\IRunes.App\IRunes.App.csproj", "{886D2012-03B5-4B7B-95CA-B13222013313}"
EndProject
Project("{9A19103F-16F7-4668-BE54-9A1E7A4F7556}") = "IRunes.Data", "Apps\IRunes\IRunes.Data\IRunes.Data.csproj", "{02B8626D-3A81-43E0-A72C-BD1184D83C99}"
EndProject
Project("{9A19103F-16F7-4668-BE54-9A1E7A4F7556}") = "IRunes.Models", "Apps\IRunes\IRunes.Models\IRunes.Models.csproj", "{9B2023BC-9242-4B07-BB51-B5D963AE531A}"
EndProject
Project("{9A19103F-16F7-4668-BE54-9A1E7A4F7556}") = "MvcFramework", "MvcFramework\MvcFramework.csproj", "{D7F9BFE8-3C1A-49E9-AF13-D70DEBE89576}"
EndProject
Project("{9A19103F-16F7-4668-BE54-9A1E7A4F7556}") = "IRunes.Services", "Apps\IRunes\IRunes.Services\IRunes.Services.csproj", "{CE86BCCB-E2FB-43D9-A690-37310EB488AF}"
EndProject
Project("{9A19103F-16F7-4668-BE54-9A1E7A4F7556}") = "MvcFramework.Tests", "MvcFramework.Tests\MvcFramework.Tests.csproj", "{7F73692D-8912-4E16-92FA-EF05062D35E8}"
EndProject
Project("{9A19103F-16F7-4668-BE54-9A1E7A4F7556}") = "MvcFramework.Common", "MvcFramework.Common\MvcFramework.Common.csproj", "{DDEFB282-3935-4774-A667-561BD6B3361D}"
EndProject
Project("{2150E333-8FDC-42A3-9474-1A3956D46DE8}") = "Panda", "Panda", "{CA50E222-CE31-4735-B86C-322E32A1D6C5}"
EndProject
Project("{9A19103F-16F7-4668-BE54-9A1E7A4F7556}") = "Panda.Web", "Apps\Panda\Panda.Web\Panda.Web.csproj", "{DD2601D8-A785-4432-8D74-D809A64F6AB8}"
EndProject
Project("{9A19103F-16F7-4668-BE54-9A1E7A4F7556}") = "Panda.Data", "Apps\Panda\Panda.Data\Panda.Data.csproj", "{616A03A2-F0EC-4DD7-9DB8-45C410E5BBC7}"
EndProject
Project("{9A19103F-16F7-4668-BE54-9A1E7A4F7556}") = "Panda.Services", "Apps\Panda\Panda.Services\Panda.Services.csproj", "{834EEE7B-C0C9-4924-B143-4F9F01DCAB31}"
EndProject
Project("{2150E333-8FDC-42A3-9474-1A3956D46DE8}") = "Musaca", "Musaca", "{FFB865A9-0C61-49B6-A801-D25D66742AA7}"
EndProject
Project("{9A19103F-16F7-4668-BE54-9A1E7A4F7556}") = "Musaca.Data", "Apps\Musaca\Musaca.Data\Musaca.Data.csproj", "{E6C0036D-928A-48EA-BBBF-A3AFACEAA237}"
EndProject
Project("{9A19103F-16F7-4668-BE54-9A1E7A4F7556}") = "Musaca.Web", "Apps\Musaca\Musaca.Web\Musaca.Web.csproj", "{840F28C7-BEBB-4324-8D34-D57A61705234}"
EndProject
Project("{9A19103F-16F7-4668-BE54-9A1E7A4F7556}") = "Musaca.Models", "Apps\Musaca\Musaca.Models\Musaca.Models.csproj", "{ED7B0889-223E-443E-8BA7-2442DE39C0FD}"
EndProject
Project("{9A19103F-16F7-4668-BE54-9A1E7A4F7556}") = "Musaca.Services", "Apps\Musaca\Musaca.Services\Musaca.Services.csproj", "{48BABCD6-FC69-44A2-AA7E-359E7AACC69F}"
EndProject
Project("{2150E333-8FDC-42A3-9474-1A3956D46DE8}") = "Torshia", "Torshia", "{F3C56C15-F042-43C4-9AF4-6DA750727E97}"
EndProject
Project("{9A19103F-16F7-4668-BE54-9A1E7A4F7556}") = "Torshia.Web", "Apps\Torshia\Torshia.Web\Torshia.Web.csproj", "{9BFC89EF-9B8A-499D-AE66-D7B0C7F54137}"
EndProject
Project("{9A19103F-16F7-4668-BE54-9A1E7A4F7556}") = "Torshia.Data", "Apps\Torshia\Torshia.Data\Torshia.Data.csproj", "{55878D6C-C48A-4252-961F-491D0E909566}"
EndProject
Project("{9A19103F-16F7-4668-BE54-9A1E7A4F7556}") = "Torshia.Services", "Apps\Torshia\Torshia.Services\Torshia.Services.csproj", "{3C090F9E-C95D-4403-8411-613C926C4B69}"
EndProject
Project("{9A19103F-16F7-4668-BE54-9A1E7A4F7556}") = "Torshia.Models", "Apps\Torshia\Torshia.Models\Torshia.Models.csproj", "{25EDD8F5-A966-44EE-92B4-2057FA2F13DB}"
EndProject
Project("{2150E333-8FDC-42A3-9474-1A3956D46DE8}") = "SULS", "SULS", "{FA55CB76-E483-4F6C-A7C5-752B05363A13}"
EndProject
Project("{FAE04EC0-301F-11D3-BF4B-00C04F79EFBC}") = "SULS.App", "Apps\SULS\SULS.App\SULS.App.csproj", "{31E9CC84-738B-46F9-BC62-420556DEEAB4}"
EndProject
Project("{FAE04EC0-301F-11D3-BF4B-00C04F79EFBC}") = "SULS.Data", "Apps\SULS\SULS.Data\SULS.Data.csproj", "{D9F90822-19B1-43EF-B380-5150C52855A4}"
EndProject
Project("{FAE04EC0-301F-11D3-BF4B-00C04F79EFBC}") = "SULS.Models", "Apps\SULS\SULS.Models\SULS.Models.csproj", "{FD1E56A9-5B7B-474A-B9DE-B293D2FD852A}"
EndProject
Project("{FAE04EC0-301F-11D3-BF4B-00C04F79EFBC}") = "SULS.InputModels", "Apps\SULS\SULS.InputModels\SULS.InputModels.csproj", "{C3411D94-7F06-4831-B3A2-B0C20CF510B6}"
EndProject
Project("{FAE04EC0-301F-11D3-BF4B-00C04F79EFBC}") = "SULS.ViewModels", "Apps\SULS\SULS.ViewModels\SULS.ViewModels.csproj", "{C89CBF67-4D54-40D8-A187-92B3DEA69EA3}"
EndProject
Project("{FAE04EC0-301F-11D3-BF4B-00C04F79EFBC}") = "SULS.Services", "Apps\SULS\SULS.Services\SULS.Services.csproj", "{F1D0F35E-68CD-41DE-B490-54D864EA1747}"
EndProject
Global
	GlobalSection(SolutionConfigurationPlatforms) = preSolution
		Debug|Any CPU = Debug|Any CPU
		Release|Any CPU = Release|Any CPU
	EndGlobalSection
	GlobalSection(ProjectConfigurationPlatforms) = postSolution
		{1B67A3B9-0A86-494C-849C-CFD40F4196C6}.Debug|Any CPU.ActiveCfg = Debug|Any CPU
		{1B67A3B9-0A86-494C-849C-CFD40F4196C6}.Debug|Any CPU.Build.0 = Debug|Any CPU
		{1B67A3B9-0A86-494C-849C-CFD40F4196C6}.Release|Any CPU.ActiveCfg = Release|Any CPU
		{1B67A3B9-0A86-494C-849C-CFD40F4196C6}.Release|Any CPU.Build.0 = Release|Any CPU
		{886D2012-03B5-4B7B-95CA-B13222013313}.Debug|Any CPU.ActiveCfg = Debug|Any CPU
		{886D2012-03B5-4B7B-95CA-B13222013313}.Debug|Any CPU.Build.0 = Debug|Any CPU
		{886D2012-03B5-4B7B-95CA-B13222013313}.Release|Any CPU.ActiveCfg = Release|Any CPU
		{886D2012-03B5-4B7B-95CA-B13222013313}.Release|Any CPU.Build.0 = Release|Any CPU
		{02B8626D-3A81-43E0-A72C-BD1184D83C99}.Debug|Any CPU.ActiveCfg = Debug|Any CPU
		{02B8626D-3A81-43E0-A72C-BD1184D83C99}.Debug|Any CPU.Build.0 = Debug|Any CPU
		{02B8626D-3A81-43E0-A72C-BD1184D83C99}.Release|Any CPU.ActiveCfg = Release|Any CPU
		{02B8626D-3A81-43E0-A72C-BD1184D83C99}.Release|Any CPU.Build.0 = Release|Any CPU
		{9B2023BC-9242-4B07-BB51-B5D963AE531A}.Debug|Any CPU.ActiveCfg = Debug|Any CPU
		{9B2023BC-9242-4B07-BB51-B5D963AE531A}.Debug|Any CPU.Build.0 = Debug|Any CPU
		{9B2023BC-9242-4B07-BB51-B5D963AE531A}.Release|Any CPU.ActiveCfg = Release|Any CPU
		{9B2023BC-9242-4B07-BB51-B5D963AE531A}.Release|Any CPU.Build.0 = Release|Any CPU
		{D7F9BFE8-3C1A-49E9-AF13-D70DEBE89576}.Debug|Any CPU.ActiveCfg = Debug|Any CPU
		{D7F9BFE8-3C1A-49E9-AF13-D70DEBE89576}.Debug|Any CPU.Build.0 = Debug|Any CPU
		{D7F9BFE8-3C1A-49E9-AF13-D70DEBE89576}.Release|Any CPU.ActiveCfg = Release|Any CPU
		{D7F9BFE8-3C1A-49E9-AF13-D70DEBE89576}.Release|Any CPU.Build.0 = Release|Any CPU
		{CE86BCCB-E2FB-43D9-A690-37310EB488AF}.Debug|Any CPU.ActiveCfg = Debug|Any CPU
		{CE86BCCB-E2FB-43D9-A690-37310EB488AF}.Debug|Any CPU.Build.0 = Debug|Any CPU
		{CE86BCCB-E2FB-43D9-A690-37310EB488AF}.Release|Any CPU.ActiveCfg = Release|Any CPU
		{CE86BCCB-E2FB-43D9-A690-37310EB488AF}.Release|Any CPU.Build.0 = Release|Any CPU
		{7F73692D-8912-4E16-92FA-EF05062D35E8}.Debug|Any CPU.ActiveCfg = Debug|Any CPU
		{7F73692D-8912-4E16-92FA-EF05062D35E8}.Debug|Any CPU.Build.0 = Debug|Any CPU
		{7F73692D-8912-4E16-92FA-EF05062D35E8}.Release|Any CPU.ActiveCfg = Release|Any CPU
		{7F73692D-8912-4E16-92FA-EF05062D35E8}.Release|Any CPU.Build.0 = Release|Any CPU
		{DDEFB282-3935-4774-A667-561BD6B3361D}.Debug|Any CPU.ActiveCfg = Debug|Any CPU
		{DDEFB282-3935-4774-A667-561BD6B3361D}.Debug|Any CPU.Build.0 = Debug|Any CPU
		{DDEFB282-3935-4774-A667-561BD6B3361D}.Release|Any CPU.ActiveCfg = Release|Any CPU
		{DDEFB282-3935-4774-A667-561BD6B3361D}.Release|Any CPU.Build.0 = Release|Any CPU
		{DD2601D8-A785-4432-8D74-D809A64F6AB8}.Debug|Any CPU.ActiveCfg = Debug|Any CPU
		{DD2601D8-A785-4432-8D74-D809A64F6AB8}.Debug|Any CPU.Build.0 = Debug|Any CPU
		{DD2601D8-A785-4432-8D74-D809A64F6AB8}.Release|Any CPU.ActiveCfg = Release|Any CPU
		{DD2601D8-A785-4432-8D74-D809A64F6AB8}.Release|Any CPU.Build.0 = Release|Any CPU
		{616A03A2-F0EC-4DD7-9DB8-45C410E5BBC7}.Debug|Any CPU.ActiveCfg = Debug|Any CPU
		{616A03A2-F0EC-4DD7-9DB8-45C410E5BBC7}.Debug|Any CPU.Build.0 = Debug|Any CPU
		{616A03A2-F0EC-4DD7-9DB8-45C410E5BBC7}.Release|Any CPU.ActiveCfg = Release|Any CPU
		{616A03A2-F0EC-4DD7-9DB8-45C410E5BBC7}.Release|Any CPU.Build.0 = Release|Any CPU
		{834EEE7B-C0C9-4924-B143-4F9F01DCAB31}.Debug|Any CPU.ActiveCfg = Debug|Any CPU
		{834EEE7B-C0C9-4924-B143-4F9F01DCAB31}.Debug|Any CPU.Build.0 = Debug|Any CPU
		{834EEE7B-C0C9-4924-B143-4F9F01DCAB31}.Release|Any CPU.ActiveCfg = Release|Any CPU
		{834EEE7B-C0C9-4924-B143-4F9F01DCAB31}.Release|Any CPU.Build.0 = Release|Any CPU
		{E6C0036D-928A-48EA-BBBF-A3AFACEAA237}.Debug|Any CPU.ActiveCfg = Debug|Any CPU
		{E6C0036D-928A-48EA-BBBF-A3AFACEAA237}.Debug|Any CPU.Build.0 = Debug|Any CPU
		{E6C0036D-928A-48EA-BBBF-A3AFACEAA237}.Release|Any CPU.ActiveCfg = Release|Any CPU
		{E6C0036D-928A-48EA-BBBF-A3AFACEAA237}.Release|Any CPU.Build.0 = Release|Any CPU
		{840F28C7-BEBB-4324-8D34-D57A61705234}.Debug|Any CPU.ActiveCfg = Debug|Any CPU
		{840F28C7-BEBB-4324-8D34-D57A61705234}.Debug|Any CPU.Build.0 = Debug|Any CPU
		{840F28C7-BEBB-4324-8D34-D57A61705234}.Release|Any CPU.ActiveCfg = Release|Any CPU
		{840F28C7-BEBB-4324-8D34-D57A61705234}.Release|Any CPU.Build.0 = Release|Any CPU
		{ED7B0889-223E-443E-8BA7-2442DE39C0FD}.Debug|Any CPU.ActiveCfg = Debug|Any CPU
		{ED7B0889-223E-443E-8BA7-2442DE39C0FD}.Debug|Any CPU.Build.0 = Debug|Any CPU
		{ED7B0889-223E-443E-8BA7-2442DE39C0FD}.Release|Any CPU.ActiveCfg = Release|Any CPU
		{ED7B0889-223E-443E-8BA7-2442DE39C0FD}.Release|Any CPU.Build.0 = Release|Any CPU
		{48BABCD6-FC69-44A2-AA7E-359E7AACC69F}.Debug|Any CPU.ActiveCfg = Debug|Any CPU
		{48BABCD6-FC69-44A2-AA7E-359E7AACC69F}.Debug|Any CPU.Build.0 = Debug|Any CPU
		{48BABCD6-FC69-44A2-AA7E-359E7AACC69F}.Release|Any CPU.ActiveCfg = Release|Any CPU
		{48BABCD6-FC69-44A2-AA7E-359E7AACC69F}.Release|Any CPU.Build.0 = Release|Any CPU
		{9BFC89EF-9B8A-499D-AE66-D7B0C7F54137}.Debug|Any CPU.ActiveCfg = Debug|Any CPU
		{9BFC89EF-9B8A-499D-AE66-D7B0C7F54137}.Debug|Any CPU.Build.0 = Debug|Any CPU
		{9BFC89EF-9B8A-499D-AE66-D7B0C7F54137}.Release|Any CPU.ActiveCfg = Release|Any CPU
		{9BFC89EF-9B8A-499D-AE66-D7B0C7F54137}.Release|Any CPU.Build.0 = Release|Any CPU
		{55878D6C-C48A-4252-961F-491D0E909566}.Debug|Any CPU.ActiveCfg = Debug|Any CPU
		{55878D6C-C48A-4252-961F-491D0E909566}.Debug|Any CPU.Build.0 = Debug|Any CPU
		{55878D6C-C48A-4252-961F-491D0E909566}.Release|Any CPU.ActiveCfg = Release|Any CPU
		{55878D6C-C48A-4252-961F-491D0E909566}.Release|Any CPU.Build.0 = Release|Any CPU
		{3C090F9E-C95D-4403-8411-613C926C4B69}.Debug|Any CPU.ActiveCfg = Debug|Any CPU
		{3C090F9E-C95D-4403-8411-613C926C4B69}.Debug|Any CPU.Build.0 = Debug|Any CPU
		{3C090F9E-C95D-4403-8411-613C926C4B69}.Release|Any CPU.ActiveCfg = Release|Any CPU
		{3C090F9E-C95D-4403-8411-613C926C4B69}.Release|Any CPU.Build.0 = Release|Any CPU
		{25EDD8F5-A966-44EE-92B4-2057FA2F13DB}.Debug|Any CPU.ActiveCfg = Debug|Any CPU
		{25EDD8F5-A966-44EE-92B4-2057FA2F13DB}.Debug|Any CPU.Build.0 = Debug|Any CPU
		{25EDD8F5-A966-44EE-92B4-2057FA2F13DB}.Release|Any CPU.ActiveCfg = Release|Any CPU
		{25EDD8F5-A966-44EE-92B4-2057FA2F13DB}.Release|Any CPU.Build.0 = Release|Any CPU
		{31E9CC84-738B-46F9-BC62-420556DEEAB4}.Debug|Any CPU.ActiveCfg = Debug|Any CPU
		{31E9CC84-738B-46F9-BC62-420556DEEAB4}.Debug|Any CPU.Build.0 = Debug|Any CPU
		{31E9CC84-738B-46F9-BC62-420556DEEAB4}.Release|Any CPU.ActiveCfg = Release|Any CPU
		{31E9CC84-738B-46F9-BC62-420556DEEAB4}.Release|Any CPU.Build.0 = Release|Any CPU
		{D9F90822-19B1-43EF-B380-5150C52855A4}.Debug|Any CPU.ActiveCfg = Debug|Any CPU
		{D9F90822-19B1-43EF-B380-5150C52855A4}.Debug|Any CPU.Build.0 = Debug|Any CPU
		{D9F90822-19B1-43EF-B380-5150C52855A4}.Release|Any CPU.ActiveCfg = Release|Any CPU
		{D9F90822-19B1-43EF-B380-5150C52855A4}.Release|Any CPU.Build.0 = Release|Any CPU
		{FD1E56A9-5B7B-474A-B9DE-B293D2FD852A}.Debug|Any CPU.ActiveCfg = Debug|Any CPU
		{FD1E56A9-5B7B-474A-B9DE-B293D2FD852A}.Debug|Any CPU.Build.0 = Debug|Any CPU
		{FD1E56A9-5B7B-474A-B9DE-B293D2FD852A}.Release|Any CPU.ActiveCfg = Release|Any CPU
		{FD1E56A9-5B7B-474A-B9DE-B293D2FD852A}.Release|Any CPU.Build.0 = Release|Any CPU
		{C3411D94-7F06-4831-B3A2-B0C20CF510B6}.Debug|Any CPU.ActiveCfg = Debug|Any CPU
		{C3411D94-7F06-4831-B3A2-B0C20CF510B6}.Debug|Any CPU.Build.0 = Debug|Any CPU
		{C3411D94-7F06-4831-B3A2-B0C20CF510B6}.Release|Any CPU.ActiveCfg = Release|Any CPU
		{C3411D94-7F06-4831-B3A2-B0C20CF510B6}.Release|Any CPU.Build.0 = Release|Any CPU
		{C89CBF67-4D54-40D8-A187-92B3DEA69EA3}.Debug|Any CPU.ActiveCfg = Debug|Any CPU
		{C89CBF67-4D54-40D8-A187-92B3DEA69EA3}.Debug|Any CPU.Build.0 = Debug|Any CPU
		{C89CBF67-4D54-40D8-A187-92B3DEA69EA3}.Release|Any CPU.ActiveCfg = Release|Any CPU
		{C89CBF67-4D54-40D8-A187-92B3DEA69EA3}.Release|Any CPU.Build.0 = Release|Any CPU
		{F1D0F35E-68CD-41DE-B490-54D864EA1747}.Debug|Any CPU.ActiveCfg = Debug|Any CPU
		{F1D0F35E-68CD-41DE-B490-54D864EA1747}.Debug|Any CPU.Build.0 = Debug|Any CPU
		{F1D0F35E-68CD-41DE-B490-54D864EA1747}.Release|Any CPU.ActiveCfg = Release|Any CPU
		{F1D0F35E-68CD-41DE-B490-54D864EA1747}.Release|Any CPU.Build.0 = Release|Any CPU
	EndGlobalSection
	GlobalSection(SolutionProperties) = preSolution
		HideSolutionNode = FALSE
	EndGlobalSection
	GlobalSection(NestedProjects) = preSolution
		{4F8717BC-850D-4D60-8EE9-FECFCAF6B7CA} = {777C9434-4EA1-4377-9514-0FB960FDDBD1}
		{886D2012-03B5-4B7B-95CA-B13222013313} = {4F8717BC-850D-4D60-8EE9-FECFCAF6B7CA}
		{02B8626D-3A81-43E0-A72C-BD1184D83C99} = {4F8717BC-850D-4D60-8EE9-FECFCAF6B7CA}
		{9B2023BC-9242-4B07-BB51-B5D963AE531A} = {4F8717BC-850D-4D60-8EE9-FECFCAF6B7CA}
		{CE86BCCB-E2FB-43D9-A690-37310EB488AF} = {4F8717BC-850D-4D60-8EE9-FECFCAF6B7CA}
		{CA50E222-CE31-4735-B86C-322E32A1D6C5} = {777C9434-4EA1-4377-9514-0FB960FDDBD1}
		{DD2601D8-A785-4432-8D74-D809A64F6AB8} = {CA50E222-CE31-4735-B86C-322E32A1D6C5}
		{616A03A2-F0EC-4DD7-9DB8-45C410E5BBC7} = {CA50E222-CE31-4735-B86C-322E32A1D6C5}
		{834EEE7B-C0C9-4924-B143-4F9F01DCAB31} = {CA50E222-CE31-4735-B86C-322E32A1D6C5}
		{FFB865A9-0C61-49B6-A801-D25D66742AA7} = {777C9434-4EA1-4377-9514-0FB960FDDBD1}
		{E6C0036D-928A-48EA-BBBF-A3AFACEAA237} = {FFB865A9-0C61-49B6-A801-D25D66742AA7}
		{840F28C7-BEBB-4324-8D34-D57A61705234} = {FFB865A9-0C61-49B6-A801-D25D66742AA7}
		{ED7B0889-223E-443E-8BA7-2442DE39C0FD} = {FFB865A9-0C61-49B6-A801-D25D66742AA7}
		{48BABCD6-FC69-44A2-AA7E-359E7AACC69F} = {FFB865A9-0C61-49B6-A801-D25D66742AA7}
		{F3C56C15-F042-43C4-9AF4-6DA750727E97} = {777C9434-4EA1-4377-9514-0FB960FDDBD1}
		{9BFC89EF-9B8A-499D-AE66-D7B0C7F54137} = {F3C56C15-F042-43C4-9AF4-6DA750727E97}
		{55878D6C-C48A-4252-961F-491D0E909566} = {F3C56C15-F042-43C4-9AF4-6DA750727E97}
		{3C090F9E-C95D-4403-8411-613C926C4B69} = {F3C56C15-F042-43C4-9AF4-6DA750727E97}
		{25EDD8F5-A966-44EE-92B4-2057FA2F13DB} = {F3C56C15-F042-43C4-9AF4-6DA750727E97}
		{FA55CB76-E483-4F6C-A7C5-752B05363A13} = {777C9434-4EA1-4377-9514-0FB960FDDBD1}
		{31E9CC84-738B-46F9-BC62-420556DEEAB4} = {FA55CB76-E483-4F6C-A7C5-752B05363A13}
		{D9F90822-19B1-43EF-B380-5150C52855A4} = {FA55CB76-E483-4F6C-A7C5-752B05363A13}
		{FD1E56A9-5B7B-474A-B9DE-B293D2FD852A} = {FA55CB76-E483-4F6C-A7C5-752B05363A13}
		{C3411D94-7F06-4831-B3A2-B0C20CF510B6} = {FA55CB76-E483-4F6C-A7C5-752B05363A13}
		{C89CBF67-4D54-40D8-A187-92B3DEA69EA3} = {FA55CB76-E483-4F6C-A7C5-752B05363A13}
		{F1D0F35E-68CD-41DE-B490-54D864EA1747} = {FA55CB76-E483-4F6C-A7C5-752B05363A13}
	EndGlobalSection
	GlobalSection(ExtensibilityGlobals) = postSolution
		SolutionGuid = {093FC671-6D55-4CA5-AB0F-48AAEB54D746}
	EndGlobalSection
EndGlobal
